
Microsoft Visual Studio Solution File, Format Version 12.00
# Visual Studio 15
VisualStudioVersion = 15.0.27703.2018
MinimumVisualStudioVersion = 10.0.40219.1
Project("{FAE04EC0-301F-11D3-BF4B-00C04F79EFBC}") = "TeddyControllerPython", "TeddyControllerPython\TeddyControllerPython.csproj", "{2B119D5E-509D-4E9A-A3B6-4AE63D316773}"
EndProject
Global
	GlobalSection(SolutionConfigurationPlatforms) = preSolution
		Debug|Any CPU = Debug|Any CPU
		Release|Any CPU = Release|Any CPU
	EndGlobalSection
	GlobalSection(ProjectConfigurationPlatforms) = postSolution
		{2B119D5E-509D-4E9A-A3B6-4AE63D316773}.Debug|Any CPU.ActiveCfg = Debug|Any CPU
		{2B119D5E-509D-4E9A-A3B6-4AE63D316773}.Debug|Any CPU.Build.0 = Debug|Any CPU
		{2B119D5E-509D-4E9A-A3B6-4AE63D316773}.Release|Any CPU.ActiveCfg = Release|Any CPU
		{2B119D5E-509D-4E9A-A3B6-4AE63D316773}.Release|Any CPU.Build.0 = Release|Any CPU
	EndGlobalSection
	GlobalSection(SolutionProperties) = preSolution
		HideSolutionNode = FALSE
	EndGlobalSection
	GlobalSection(ExtensibilityGlobals) = postSolution
		SolutionGuid = {D47E732E-093E-4C38-B30C-0957B5D65B64}
	EndGlobalSection
EndGlobal
