
Microsoft Visual Studio Solution File, Format Version 12.00
# Visual Studio 15
VisualStudioVersion = 15.0.27703.2018
MinimumVisualStudioVersion = 10.0.40219.1
Project("{FAE04EC0-301F-11D3-BF4B-00C04F79EFBC}") = "Isen61", "Isen61\Isen61.csproj", "{0077C161-B0A0-4C17-9E79-343E09FD96CA}"
EndProject
Global
	GlobalSection(SolutionConfigurationPlatforms) = preSolution
		Debug|Any CPU = Debug|Any CPU
		Release|Any CPU = Release|Any CPU
	EndGlobalSection
	GlobalSection(ProjectConfigurationPlatforms) = postSolution
		{0077C161-B0A0-4C17-9E79-343E09FD96CA}.Debug|Any CPU.ActiveCfg = Debug|Any CPU
		{0077C161-B0A0-4C17-9E79-343E09FD96CA}.Debug|Any CPU.Build.0 = Debug|Any CPU
		{0077C161-B0A0-4C17-9E79-343E09FD96CA}.Release|Any CPU.ActiveCfg = Release|Any CPU
		{0077C161-B0A0-4C17-9E79-343E09FD96CA}.Release|Any CPU.Build.0 = Release|Any CPU
	EndGlobalSection
	GlobalSection(SolutionProperties) = preSolution
		HideSolutionNode = FALSE
	EndGlobalSection
	GlobalSection(ExtensibilityGlobals) = postSolution
		SolutionGuid = {1ADC07EA-EB0E-4B85-ADD7-1ABCA89612A9}
	EndGlobalSection
EndGlobal
